dependencies:
- name: kube-prometheus-stack
  repository: oci://ghcr.io/prometheus-community/charts
  version: 82.4.3
- name: prometheus-adapter
  repository: oci://ghcr.io/prometheus-community/charts
  version: 5.3.0
- name: k8s-aibom
  repository: oci://ghcr.io/googlecloudplatform/charts
  version: 1.5.0
digest: sha256:e97177a32b5db9bc7cca1f886a39fcbe61089aefc8ed13abb95cad115c707453
generated: "2026-09-22T14:34:08.909137-07:00"
